
Microsoft Visual Studio Solution File, Format Version 12.00
# Visual Studio 15
VisualStudioVersion = 15.0.28010.2046
MinimumVisualStudioVersion = 10.0.40219.1
Project("{FAE04EC0-301F-11D3-BF4B-00C04F79EFBC}") = "DapperExt", "DapperExt\DapperExt.csproj", "{F267C73F-C326-4FFF-BE81-E057D1A25514}"
EndProject
Project("{FAE04EC0-301F-11D3-BF4B-00C04F79EFBC}") = "DapperExt.Data", "DapperExt.Data\DapperExt.Data.csproj", "{6772EAFC-A815-4589-A909-F6CA3B4B33FD}"
EndProject
Project("{FAE04EC0-301F-11D3-BF4B-00C04F79EFBC}") = "DapperExt.Core", "DapperExt.Core\DapperExt.Core.csproj", "{AB462DFE-2E21-462F-BFB1-82C2152337C2}"
EndProject
Global
	GlobalSection(SolutionConfigurationPlatforms) = preSolution
		Debug|Any CPU = Debug|Any CPU
		Release|Any CPU = Release|Any CPU
	EndGlobalSection
	GlobalSection(ProjectConfigurationPlatforms) = postSolution
		{F267C73F-C326-4FFF-BE81-E057D1A25514}.Debug|Any CPU.ActiveCfg = Debug|Any CPU
		{F267C73F-C326-4FFF-BE81-E057D1A25514}.Debug|Any CPU.Build.0 = Debug|Any CPU
		{F267C73F-C326-4FFF-BE81-E057D1A25514}.Release|Any CPU.ActiveCfg = Release|Any CPU
		{F267C73F-C326-4FFF-BE81-E057D1A25514}.Release|Any CPU.Build.0 = Release|Any CPU
		{6772EAFC-A815-4589-A909-F6CA3B4B33FD}.Debug|Any CPU.ActiveCfg = Debug|Any CPU
		{6772EAFC-A815-4589-A909-F6CA3B4B33FD}.Debug|Any CPU.Build.0 = Debug|Any CPU
		{6772EAFC-A815-4589-A909-F6CA3B4B33FD}.Release|Any CPU.ActiveCfg = Release|Any CPU
		{6772EAFC-A815-4589-A909-F6CA3B4B33FD}.Release|Any CPU.Build.0 = Release|Any CPU
		{AB462DFE-2E21-462F-BFB1-82C2152337C2}.Debug|Any CPU.ActiveCfg = Debug|Any CPU
		{AB462DFE-2E21-462F-BFB1-82C2152337C2}.Debug|Any CPU.Build.0 = Debug|Any CPU
		{AB462DFE-2E21-462F-BFB1-82C2152337C2}.Release|Any CPU.ActiveCfg = Release|Any CPU
		{AB462DFE-2E21-462F-BFB1-82C2152337C2}.Release|Any CPU.Build.0 = Release|Any CPU
	EndGlobalSection
	GlobalSection(SolutionProperties) = preSolution
		HideSolutionNode = FALSE
	EndGlobalSection
	GlobalSection(ExtensibilityGlobals) = postSolution
		SolutionGuid = {BA9B532D-83DD-47CA-A1FC-F6C84EF8E9C8}
	EndGlobalSection
EndGlobal
